PODS:
  - Bolts (1.8.4):
    - Bolts/AppLinks (= 1.8.4)
    - Bolts/Tasks (= 1.8.4)
  - Bolts/AppLinks (1.8.4):
    - Bolts/Tasks
  - Bolts/Tasks (1.8.4)
  - BoringSSL (9.0):
    - BoringSSL/Implementation (= 9.0)
    - BoringSSL/Interface (= 9.0)
  - BoringSSL/Implementation (9.0):
    - BoringSSL/Interface (= 9.0)
  - BoringSSL/Interface (9.0)
  - Crashlytics (3.9.0):
    - Fabric (~> 1.7.0)
  - Fabric (1.7.1)
  - FBSDKCoreKit (4.27.1):
    - Bolts (~> 1.7)
  - FBSDKLoginKit (4.27.1):
    - FBSDKCoreKit
  - Firebase (4.4.0):
    - Firebase/Core (= 4.4.0)
  - Firebase/Auth (4.4.0):
    - Firebase/Core
    - FirebaseAuth (= 4.3.0)
  - Firebase/Core (4.4.0):
    - FirebaseAnalytics (= 4.0.4)
    - FirebaseCore (= 4.0.9)
  - Firebase/Database (4.4.0):
    - Firebase/Core
    - FirebaseDatabase (= 4.1.1)
  - Firebase/Firestore (4.4.0):
    - Firebase/Core
    - FirebaseFirestore (= 0.9.0)
  - Firebase/RemoteConfig (4.4.0):
    - Firebase/Core
    - FirebaseRemoteConfig (= 2.0.3)
  - Firebase/Storage (4.4.0):
    - Firebase/Core
    - FirebaseStorage (= 2.0.2)
  - FirebaseAnalytics (4.0.4):
    - FirebaseCore (~> 4.0)
    - FirebaseInstanceID (~> 2.0)
    - GoogleToolboxForMac/NSData+zlib (~> 2.1)
    - nanopb (~> 0.3)
  - FirebaseAuth (4.3.0):
    - FirebaseAnalytics (~> 4.0)
    - GoogleToolboxForMac/NSDictionary+URLArguments (~> 2.1)
    - GTMSessionFetcher/Core (~> 1.1)
  - FirebaseCore (4.0.9):
    - GoogleToolboxForMac/NSData+zlib (~> 2.1)
    - nanopb (~> 0.3)
  - FirebaseDatabase (4.1.1):
    - FirebaseAnalytics (~> 4.0)
    - FirebaseCore (~> 4.0)
    - leveldb-library (~> 1.18)
  - FirebaseFirestore (0.9.0):
    - FirebaseAnalytics (~> 4.0)
    - FirebaseAuth (~> 4.3)
    - FirebaseCore (~> 4.0)
    - gRPC-ProtoRPC (~> 1.0)
    - leveldb-library (~> 1.18)
    - Protobuf (~> 3.1)
  - FirebaseInstanceID (2.0.5)
  - FirebaseRemoteConfig (2.0.3):
    - FirebaseAnalytics (~> 4.0)
    - FirebaseInstanceID (~> 2.0)
    - GoogleToolboxForMac/NSData+zlib (~> 2.1)
    - Protobuf (~> 3.1)
  - FirebaseStorage (2.0.2):
    - FirebaseAnalytics (~> 4.0)
    - FirebaseCore (~> 4.0)
    - GTMSessionFetcher/Core (~> 1.1)
  - FirebaseUI (4.5.0):
    - FirebaseUI/All (= 4.5.0)
  - FirebaseUI/All (4.5.0):
    - FirebaseUI/Auth
    - FirebaseUI/Database
    - FirebaseUI/Facebook
    - FirebaseUI/Firestore
    - FirebaseUI/Google
    - FirebaseUI/Phone
    - FirebaseUI/Storage
    - FirebaseUI/Twitter
  - FirebaseUI/Auth (4.5.0):
    - Firebase/Auth (~> 4.2)
  - FirebaseUI/Database (4.5.0):
    - Firebase/Database (~> 4.0)
  - FirebaseUI/Facebook (4.5.0):
    - FBSDKLoginKit (~> 4.0)
    - FirebaseUI/Auth
  - FirebaseUI/Firestore (4.5.0):
    - Firebase/Firestore
  - FirebaseUI/Google (4.5.0):
    - FirebaseUI/Auth
    - GoogleSignIn (~> 4.0)
  - FirebaseUI/Phone (4.5.0):
    - FirebaseUI/Auth
  - FirebaseUI/Storage (4.5.0):
    - Firebase/Storage (~> 4.0)
    - SDWebImage (~> 4.0)
  - FirebaseUI/Twitter (4.5.0):
    - FirebaseUI/Auth
    - TwitterKit (~> 3.0)
  - GeoFire (2.0.0):
    - Firebase/Database (~> 4.0)
  - GoogleSignIn (4.1.1):
    - GoogleToolboxForMac/NSDictionary+URLArguments (~> 2.1)
    - GoogleToolboxForMac/NSString+URLArguments (~> 2.1)
    - GTMOAuth2 (~> 1.0)
    - GTMSessionFetcher/Core (~> 1.1)
  - GoogleToolboxForMac/DebugUtils (2.1.3):
    - GoogleToolboxForMac/Defines (= 2.1.3)
  - GoogleToolboxForMac/Defines (2.1.3)
  - GoogleToolboxForMac/NSData+zlib (2.1.3):
    - GoogleToolboxForMac/Defines (= 2.1.3)
  - GoogleToolboxForMac/NSDictionary+URLArguments (2.1.3):
    - GoogleToolboxForMac/DebugUtils (= 2.1.3)
    - GoogleToolboxForMac/Defines (= 2.1.3)
    - GoogleToolboxForMac/NSString+URLArguments (= 2.1.3)
  - GoogleToolboxForMac/NSString+URLArguments (2.1.3)
  - gRPC (1.6.5):
    - gRPC-Core (= 1.6.5)
    - gRPC-RxLibrary (= 1.6.5)
  - gRPC-Core (1.6.5):
    - gRPC-Core/Implementation (= 1.6.5)
    - gRPC-Core/Interface (= 1.6.5)
  - gRPC-Core/Implementation (1.6.5):
    - BoringSSL (~> 9.0)
    - gRPC-Core/Interface (= 1.6.5)
    - nanopb (~> 0.3)
  - gRPC-Core/Interface (1.6.5)
  - gRPC-ProtoRPC (1.6.5):
    - gRPC (= 1.6.5)
    - gRPC-RxLibrary (= 1.6.5)
    - Protobuf (~> 3.0)
  - gRPC-RxLibrary (1.6.5)
  - GTMOAuth2 (1.1.5):
    - GTMSessionFetcher (~> 1.1)
  - GTMSessionFetcher (1.1.12):
    - GTMSessionFetcher/Full (= 1.1.12)
  - GTMSessionFetcher/Core (1.1.12)
  - GTMSessionFetcher/Full (1.1.12):
    - GTMSessionFetcher/Core (= 1.1.12)
  - JSQMessagesViewController (7.3.5):
    - JSQSystemSoundPlayer (~> 2.0.1)
  - JSQSystemSoundPlayer (2.0.1)
  - KSCrash/Core (1.15.12):
    - KSCrash/Reporting/Filters/Basic
  - KSCrash/Recording (1.15.12):
    - KSCrash/Recording/Tools (= 1.15.12)
  - KSCrash/Recording/Tools (1.15.12)
  - KSCrash/Reporting/Filters/Base (1.15.12):
    - KSCrash/Recording
  - KSCrash/Reporting/Filters/Basic (1.15.12):
    - KSCrash/Recording
    - KSCrash/Reporting/Filters/Base
  - leveldb-library (1.18.3)
  - nanopb (0.3.8):
    - nanopb/decode (= 0.3.8)
    - nanopb/encode (= 0.3.8)
  - nanopb/decode (0.3.8)
  - nanopb/encode (0.3.8)
  - OneSignal (2.5.6)
  - Protobuf (3.4.0)
  - ReachabilitySwift (3)
  - SDWebImage (4.1.2):
    - SDWebImage/Core (= 4.1.2)
  - SDWebImage/Core (4.1.2)
  - Sentry/Core (3.9.0)
  - Sentry/KSCrash (3.9.0):
    - KSCrash/Core (~> 1.15.12)
  - SwiftKeychainWrapper (3.0.1)
  - TOCropViewController (2.1.0)
  - TwitterCore (3.0.2)
  - TwitterKit (3.2.1):
    - TwitterCore (>= 3.0.2)
  - UPCarouselFlowLayout (1.1.1)
  - WVCheckMark (1.0.8)

DEPENDENCIES:
  - Crashlytics
  - Firebase
  - Firebase/Auth
  - Firebase/Core
  - Firebase/Database
  - Firebase/RemoteConfig
  - FirebaseUI
  - GeoFire (from `https://github.com/firebase/geofire-objc.git`)
  - JSQMessagesViewController
  - OneSignal (~> 2.0)
  - ReachabilitySwift (~> 3)
  - Sentry/Core (from `https://github.com/getsentry/sentry-cocoa.git`)
  - Sentry/KSCrash (from `https://github.com/getsentry/sentry-cocoa.git`)
  - SwiftKeychainWrapper
  - TOCropViewController
  - UPCarouselFlowLayout
  - WVCheckMark

EXTERNAL SOURCES:
  GeoFire:
    :git: https://github.com/firebase/geofire-objc.git
  Sentry:
    :git: https://github.com/getsentry/sentry-cocoa.git

CHECKOUT OPTIONS:
  GeoFire:
    :commit: 96d6463f59016785f9c5ae9b669019c44786a23f
    :git: https://github.com/firebase/geofire-objc.git
  Sentry:
    :commit: d4a154ef8157c8abfe7adab7b762e9e7c342458b
    :git: https://github.com/getsentry/sentry-cocoa.git

SPEC CHECKSUMS:
  Bolts: 8a7995239dbe724f9cba2248b766d48b7ebdd322
  BoringSSL: 19083b821ef3ae0f758fae15482e183003b1e265
  Crashlytics: 64aad5dd97249dd3ff94b979fea140144590cdd3
  Fabric: c7cfc652f036180a72fe2539646c8a624420419d
  FBSDKCoreKit: 03365dad5d790249196ffad8be4f6d8a2d98f932
  FBSDKLoginKit: 66ff53b73cffd967ab773e32fac39e90a60e6d46
  Firebase: 3e92884a63e8f76d107c43a67d2ab9071e1eda10
  FirebaseAnalytics: 722b53c7b32bfc7806b06e0093a2f5180d4f2c5a
  FirebaseAuth: e0087d479709b20b9613b804704a928d6eafb052
  FirebaseCore: ebe73f64302705e693b1de9919a76edbdd17a19d
  FirebaseDatabase: 2e6e8e110b93b9a6e7aac71774c769a363035cb1
  FirebaseFirestore: ad1096ea647a8cc60ead57f7c54f5225d54fbd76
  FirebaseInstanceID: f2b688c66b972f30d7fa9f5f9f91455454a03b47
  FirebaseRemoteConfig: 1c982f73af48ec048c8fa8621d5178cfdffac9aa
  FirebaseStorage: 0cca42d9b889a0227c3a50121f45a4469fc9eb27
  FirebaseUI: 883482fea73b73bbb488c55176f4c6ad128957eb
  GeoFire: 02f02683e09367c2eee073c6b09c794da19833ee
  GoogleSignIn: 3fdaa34a2ba04dbd7a25d7db39aecb0da98d5bdc
  GoogleToolboxForMac: 2501e2ad72a52eb3dfe7bd9aee7dad11b858bd20
  gRPC: 42f915ce322b1abc5241621acc776f2fdb0a2039
  gRPC-Core: 54211a073d238ec8569be06e1a939a72f081a3e9
  gRPC-ProtoRPC: 4299db62f86df58c88844ccb50f5c48993e704f6
  gRPC-RxLibrary: 1b1c9c9cf666709ad7714cb0e0f3c44dc0cbfb0b
  GTMOAuth2: be83fd28d63ae3087e7d351b1f39c1a7e24ab6e7
  GTMSessionFetcher: ebaa1f79a5366922c1735f1566901f50beba23b7
  JSQMessagesViewController: 6587f56aedbcb150a8ba1d968e1ef58b1bc758b7
  JSQSystemSoundPlayer: c5850e77a4363ffd374cd851154b9af93264ed8d
  KSCrash: 931b6caeebfbfe0d316007fcd209f6cb9889c624
  leveldb-library: 10fb39c39e243db4af1828441162405bbcec1404
  nanopb: 5601e6bca2dbf1ed831b519092ec110f66982ca3
  OneSignal: 9ec286d9156b86b3975f45d928e70f46c74ef4b7
  Protobuf: 03eef2ee0b674770735cf79d9c4d3659cf6908e8
  ReachabilitySwift: f5b9bb30a0777fac8f09ce8b067e32faeb29bb64
  SDWebImage: cb6f9f266a9977741efcbc21e618e8be3734c774
  Sentry: 1dc2a4e3e90b1df975eb57be7175d0b70486ed30
  SwiftKeychainWrapper: 38952a3636320ae61bad3513cadd870929de7a4a
  TOCropViewController: f88194a084f6afe1fd6f21a3f0edda7dd097e38b
  TwitterCore: e0420b01e02e7d20e94690e37f43e75de219ab8d
  TwitterKit: 205ac89824bbfe9e85a16c420d30bb7bcbedac45
  UPCarouselFlowLayout: 02045c1505d63057fba3d9975be880a8d16bf17d
  WVCheckMark: a62e278531f05fe3a42a056db6383c273f4d9e8b

PODFILE CHECKSUM: e861b173d48d2edb8b2e90b4fc1ecc029ff0caa2

COCOAPODS: 1.3.1
